
Microsoft Visual Studio Solution File, Format Version 12.00
# Visual Studio Version 17
VisualStudioVersion = 17.11.35312.102
MinimumVisualStudioVersion = 10.0.40219.1
Project("{FAE04EC0-301F-11D3-BF4B-00C04F79EFBC}") = "TechShopApplication", "TechShopApplication\TechShopApplication.csproj", "{BF9A3DB3-EA11-4912-BFB3-1A95EE55A545}"
EndProject
Global
	GlobalSection(SolutionConfigurationPlatforms) = preSolution
		Debug|Any CPU = Debug|Any CPU
		Release|Any CPU = Release|Any CPU
	EndGlobalSection
	GlobalSection(ProjectConfigurationPlatforms) = postSolution
		{BF9A3DB3-EA11-4912-BFB3-1A95EE55A545}.Debug|Any CPU.ActiveCfg = Debug|Any CPU
		{BF9A3DB3-EA11-4912-BFB3-1A95EE55A545}.Debug|Any CPU.Build.0 = Debug|Any CPU
		{BF9A3DB3-EA11-4912-BFB3-1A95EE55A545}.Release|Any CPU.ActiveCfg = Release|Any CPU
		{BF9A3DB3-EA11-4912-BFB3-1A95EE55A545}.Release|Any CPU.Build.0 = Release|Any CPU
	EndGlobalSection
	GlobalSection(SolutionProperties) = preSolution
		HideSolutionNode = FALSE
	EndGlobalSection
	GlobalSection(ExtensibilityGlobals) = postSolution
		SolutionGuid = {8881E473-897E-411C-BD03-544D9CC356CA}
	EndGlobalSection
EndGlobal
